
Microsoft Visual Studio Solution File, Format Version 12.00
# Visual Studio Version 16
VisualStudioVersion = 16.0.29709.97
MinimumVisualStudioVersion = 10.0.40219.1
Project("{FAE04EC0-301F-11D3-BF4B-00C04F79EFBC}") = "PetStoreWeb", "PetStore\PetStoreWeb.csproj", "{91ECFE65-AEB8-4269-B96D-C88C41C2DD1E}"
EndProject
Project("{00D1A9C2-B5F0-4AF3-8072-F6C62B433612}") = "PetStoreDB", "PetStoreDB\PetStoreDB.sqlproj", "{B83B6872-9256-4BB9-B824-F31609573079}"
EndProject
Global
	GlobalSection(SolutionConfigurationPlatforms) = preSolution
		Debug|Any CPU = Debug|Any CPU
		Release|Any CPU = Release|Any CPU
	EndGlobalSection
	GlobalSection(ProjectConfigurationPlatforms) = postSolution
		{91ECFE65-AEB8-4269-B96D-C88C41C2DD1E}.Debug|Any CPU.ActiveCfg = Debug|Any CPU
		{91ECFE65-AEB8-4269-B96D-C88C41C2DD1E}.Debug|Any CPU.Build.0 = Debug|Any CPU
		{91ECFE65-AEB8-4269-B96D-C88C41C2DD1E}.Release|Any CPU.ActiveCfg = Release|Any CPU
		{91ECFE65-AEB8-4269-B96D-C88C41C2DD1E}.Release|Any CPU.Build.0 = Release|Any CPU
		{B83B6872-9256-4BB9-B824-F31609573079}.Debug|Any CPU.ActiveCfg = Debug|Any CPU
		{B83B6872-9256-4BB9-B824-F31609573079}.Debug|Any CPU.Build.0 = Debug|Any CPU
		{B83B6872-9256-4BB9-B824-F31609573079}.Debug|Any CPU.Deploy.0 = Debug|Any CPU
		{B83B6872-9256-4BB9-B824-F31609573079}.Release|Any CPU.ActiveCfg = Release|Any CPU
		{B83B6872-9256-4BB9-B824-F31609573079}.Release|Any CPU.Build.0 = Release|Any CPU
		{B83B6872-9256-4BB9-B824-F31609573079}.Release|Any CPU.Deploy.0 = Release|Any CPU
	EndGlobalSection
	GlobalSection(SolutionProperties) = preSolution
		HideSolutionNode = FALSE
	EndGlobalSection
	GlobalSection(ExtensibilityGlobals) = postSolution
		SolutionGuid = {45FA9B97-B37F-454B-9CF8-9F348FAE32DC}
	EndGlobalSection
EndGlobal
